
Microsoft Visual Studio Solution File, Format Version 12.00
# Visual Studio Version 16
VisualStudioVersion = 25.0.1700.0
MinimumVisualStudioVersion = 10.0.40219.1
Project("{FAE04EC0-301F-11D3-BF4B-00C04F79EFBC}") = "Symmetric-matrix", "Symmetric-matrix.csproj", "{77C524FF-A188-49E9-9984-2172ABE0FA09}"
EndProject
Global
	GlobalSection(SolutionConfigurationPlatforms) = preSolution
		Debug|Any CPU = Debug|Any CPU
		Release|Any CPU = Release|Any CPU
	EndGlobalSection
	GlobalSection(ProjectConfigurationPlatforms) = postSolution
		{77C524FF-A188-49E9-9984-2172ABE0FA09}.Debug|Any CPU.ActiveCfg = Debug|Any CPU
		{77C524FF-A188-49E9-9984-2172ABE0FA09}.Debug|Any CPU.Build.0 = Debug|Any CPU
		{77C524FF-A188-49E9-9984-2172ABE0FA09}.Release|Any CPU.ActiveCfg = Release|Any CPU
		{77C524FF-A188-49E9-9984-2172ABE0FA09}.Release|Any CPU.Build.0 = Release|Any CPU
	EndGlobalSection
	GlobalSection(SolutionProperties) = preSolution
		HideSolutionNode = FALSE
	EndGlobalSection
	GlobalSection(ExtensibilityGlobals) = postSolution
		SolutionGuid = {96D55C1A-16D1-458A-8E58-3FAB85DAEACB}
	EndGlobalSection
EndGlobal
